# THIS IS AN AUTOGENERATED FILE. DO NOT EDIT THIS FILE DIRECTLY.
# yarn lockfile v1


"@types/google.maps@^3.52.5":
  version "3.52.5"
  resolved "https://registry.yarnpkg.com/@types/google.maps/-/google.maps-3.52.5.tgz#84322c45fcfac76ecd80afc8b6115b1be2f7dc96"
  integrity sha512-nhFo5xLsWnjr2zuL0V5khlpo2pPFXJzYdnuIt3hLBGgcvMkLfRqKP8TdKrjh0gUuWfm55Iex+3XU1v+oAyu1jw==
